
Microsoft Visual Studio Solution File, Format Version 12.00
Project("{FAE04EC0-301F-11D3-BF4B-00C04F79EFBC}") = "L1.Introduction", "L1.Introduction\L1.Introduction.csproj", "{8EC6148D-1A1E-4057-8EF7-2764045C354F}"
EndProject
Project("{FAE04EC0-301F-11D3-BF4B-00C04F79EFBC}") = "L2.Representing_Functions", "L2.Representing_Functions\L2.Representing_Functions.csproj", "{5D9D1704-0294-472D-92DA-6B9FBCAA3DE9}"
EndProject
Project("{FAE04EC0-301F-11D3-BF4B-00C04F79EFBC}") = "L3.Higher_Order_Functions", "L3.Higher_Order_Functions\L3.Higher_Order_Functions.csproj", "{65CE3F2E-EEDE-4685-9364-2B6D25A8F880}"
EndProject
Project("{FAE04EC0-301F-11D3-BF4B-00C04F79EFBC}") = "L4.Avoiding_Duplication", "L4.Avoiding_Duplication\L4.Avoiding_Duplication.csproj", "{85EE2870-8631-45CA-8430-21F583A97D74}"
EndProject
Project("{FAE04EC0-301F-11D3-BF4B-00C04F79EFBC}") = "L5.C2.Function_Purity", "L5.C2.Function_Purity\L5.C2.Function_Purity.csproj", "{9D1FA741-6690-4E8A-8FDA-EE46DD4936CC}"
EndProject
Project("{FAE04EC0-301F-11D3-BF4B-00C04F79EFBC}") = "L6.C2.Purity_And_Concurrency", "L6.C2.Purity_And_Concurrency\L6.C2.Purity_And_Concurrency.csproj", "{27D0E2C8-DC89-43DE-A733-8F9347C78FBA}"
EndProject
Project("{FAE04EC0-301F-11D3-BF4B-00C04F79EFBC}") = "L6.C2.Validation_Scenario", "L6.C2.Validation_Scenario\L6.C2.Validation_Scenario.csproj", "{7E425308-7AC3-44C1-9158-E252547B7E4E}"
EndProject
Project("{FAE04EC0-301F-11D3-BF4B-00C04F79EFBC}") = "L6.C2.Validation_Scenario.Tests", "L6.C2.Validation_Scenario.Tests\L6.C2.Validation_Scenario.Tests.csproj", "{139DDB1A-825B-4746-B5BA-4CC7B029024F}"
EndProject
Project("{FAE04EC0-301F-11D3-BF4B-00C04F79EFBC}") = "L7.C2.Exercise.Body_Mass_Index", "L7.C2.Exercise.Body_Mass_Index\L7.C2.Exercise.Body_Mass_Index.csproj", "{A6940DFD-116C-41FF-8D24-8B23996C103A}"
EndProject
Project("{FAE04EC0-301F-11D3-BF4B-00C04F79EFBC}") = "L7.C2.Exercise.Body_Mass_Index.Tests", "L7.C2.Exercise.Body_Mass_Index.Tests\L7.C2.Exercise.Body_Mass_Index.Tests.csproj", "{A61F776C-2694-46C0-AAD6-543EED3450D6}"
EndProject
Project("{FAE04EC0-301F-11D3-BF4B-00C04F79EFBC}") = "L8.C3.Designing_Function_Signatures_And_Types", "L8.C3.Designing_Function_Signatures_And_Types\L8.C3.Designing_Function_Signatures_And_Types.csproj", "{C8DC548A-463E-46D4-A780-877A7D63106A}"
EndProject
Project("{FAE04EC0-301F-11D3-BF4B-00C04F79EFBC}") = "L9.C3.Modeling_Abscence_of_Data_with_Unit", "L9.C3.Modeling_Abscence_of_Data_with_Unit\L9.C3.Modeling_Abscence_of_Data_with_Unit.csproj", "{3FE36EEA-7EB6-4DBD-B64A-9A0A77BB1994}"
EndProject
Project("{FAE04EC0-301F-11D3-BF4B-00C04F79EFBC}") = "L10.C3.Modeling_Abscence_of_Data_with_Option", "L10.C3.Modeling_Abscence_of_Data_with_Option\L10.C3.Modeling_Abscence_of_Data_with_Option.csproj", "{7B0D6232-EBA6-4B63-946B-CC5DB2413C45}"
EndProject
Project("{FAE04EC0-301F-11D3-BF4B-00C04F79EFBC}") = "L11.C3.Execises", "L11.C3.Execises\L11.C3.Execises.csproj", "{A6B75FBC-CCE0-4644-8269-F15803F8FD15}"
EndProject
Project("{FAE04EC0-301F-11D3-BF4B-00C04F79EFBC}") = "L11.C3.Exercises.Benchmarks", "L11.C3.Exercises.Benchmarks\L11.C3.Exercises.Benchmarks.csproj", "{2AE6ACFF-EB37-4303-ACC7-428A5D0CA08D}"
EndProject
Project("{FAE04EC0-301F-11D3-BF4B-00C04F79EFBC}") = "L12.C4.Patterns_in_FP", "L12.C4.Patterns_in_FP\L12.C4.Patterns_in_FP.csproj", "{88763236-142A-4315-A1A5-82B320FD0B53}"
EndProject
Project("{FAE04EC0-301F-11D3-BF4B-00C04F79EFBC}") = "L13.C4.Functors", "L13.C4.Functors\L13.C4.Functors.csproj", "{AA6E7A80-CED8-4DB5-8F85-41785AC5EB0F}"
EndProject
Global
	GlobalSection(SolutionConfigurationPlatforms) = preSolution
		Debug|Any CPU = Debug|Any CPU
		Release|Any CPU = Release|Any CPU
	EndGlobalSection
	GlobalSection(ProjectConfigurationPlatforms) = postSolution
		{8EC6148D-1A1E-4057-8EF7-2764045C354F}.Debug|Any CPU.ActiveCfg = Debug|Any CPU
		{8EC6148D-1A1E-4057-8EF7-2764045C354F}.Debug|Any CPU.Build.0 = Debug|Any CPU
		{8EC6148D-1A1E-4057-8EF7-2764045C354F}.Release|Any CPU.ActiveCfg = Release|Any CPU
		{8EC6148D-1A1E-4057-8EF7-2764045C354F}.Release|Any CPU.Build.0 = Release|Any CPU
		{5D9D1704-0294-472D-92DA-6B9FBCAA3DE9}.Debug|Any CPU.ActiveCfg = Debug|Any CPU
		{5D9D1704-0294-472D-92DA-6B9FBCAA3DE9}.Debug|Any CPU.Build.0 = Debug|Any CPU
		{5D9D1704-0294-472D-92DA-6B9FBCAA3DE9}.Release|Any CPU.ActiveCfg = Release|Any CPU
		{5D9D1704-0294-472D-92DA-6B9FBCAA3DE9}.Release|Any CPU.Build.0 = Release|Any CPU
		{65CE3F2E-EEDE-4685-9364-2B6D25A8F880}.Debug|Any CPU.ActiveCfg = Debug|Any CPU
		{65CE3F2E-EEDE-4685-9364-2B6D25A8F880}.Debug|Any CPU.Build.0 = Debug|Any CPU
		{65CE3F2E-EEDE-4685-9364-2B6D25A8F880}.Release|Any CPU.ActiveCfg = Release|Any CPU
		{65CE3F2E-EEDE-4685-9364-2B6D25A8F880}.Release|Any CPU.Build.0 = Release|Any CPU
		{85EE2870-8631-45CA-8430-21F583A97D74}.Debug|Any CPU.ActiveCfg = Debug|Any CPU
		{85EE2870-8631-45CA-8430-21F583A97D74}.Debug|Any CPU.Build.0 = Debug|Any CPU
		{85EE2870-8631-45CA-8430-21F583A97D74}.Release|Any CPU.ActiveCfg = Release|Any CPU
		{85EE2870-8631-45CA-8430-21F583A97D74}.Release|Any CPU.Build.0 = Release|Any CPU
		{9D1FA741-6690-4E8A-8FDA-EE46DD4936CC}.Debug|Any CPU.ActiveCfg = Debug|Any CPU
		{9D1FA741-6690-4E8A-8FDA-EE46DD4936CC}.Debug|Any CPU.Build.0 = Debug|Any CPU
		{9D1FA741-6690-4E8A-8FDA-EE46DD4936CC}.Release|Any CPU.ActiveCfg = Release|Any CPU
		{9D1FA741-6690-4E8A-8FDA-EE46DD4936CC}.Release|Any CPU.Build.0 = Release|Any CPU
		{27D0E2C8-DC89-43DE-A733-8F9347C78FBA}.Debug|Any CPU.ActiveCfg = Debug|Any CPU
		{27D0E2C8-DC89-43DE-A733-8F9347C78FBA}.Debug|Any CPU.Build.0 = Debug|Any CPU
		{27D0E2C8-DC89-43DE-A733-8F9347C78FBA}.Release|Any CPU.ActiveCfg = Release|Any CPU
		{27D0E2C8-DC89-43DE-A733-8F9347C78FBA}.Release|Any CPU.Build.0 = Release|Any CPU
		{7E425308-7AC3-44C1-9158-E252547B7E4E}.Debug|Any CPU.ActiveCfg = Debug|Any CPU
		{7E425308-7AC3-44C1-9158-E252547B7E4E}.Debug|Any CPU.Build.0 = Debug|Any CPU
		{7E425308-7AC3-44C1-9158-E252547B7E4E}.Release|Any CPU.ActiveCfg = Release|Any CPU
		{7E425308-7AC3-44C1-9158-E252547B7E4E}.Release|Any CPU.Build.0 = Release|Any CPU
		{139DDB1A-825B-4746-B5BA-4CC7B029024F}.Debug|Any CPU.ActiveCfg = Debug|Any CPU
		{139DDB1A-825B-4746-B5BA-4CC7B029024F}.Debug|Any CPU.Build.0 = Debug|Any CPU
		{139DDB1A-825B-4746-B5BA-4CC7B029024F}.Release|Any CPU.ActiveCfg = Release|Any CPU
		{139DDB1A-825B-4746-B5BA-4CC7B029024F}.Release|Any CPU.Build.0 = Release|Any CPU
		{A6940DFD-116C-41FF-8D24-8B23996C103A}.Debug|Any CPU.ActiveCfg = Debug|Any CPU
		{A6940DFD-116C-41FF-8D24-8B23996C103A}.Debug|Any CPU.Build.0 = Debug|Any CPU
		{A6940DFD-116C-41FF-8D24-8B23996C103A}.Release|Any CPU.ActiveCfg = Release|Any CPU
		{A6940DFD-116C-41FF-8D24-8B23996C103A}.Release|Any CPU.Build.0 = Release|Any CPU
		{A61F776C-2694-46C0-AAD6-543EED3450D6}.Debug|Any CPU.ActiveCfg = Debug|Any CPU
		{A61F776C-2694-46C0-AAD6-543EED3450D6}.Debug|Any CPU.Build.0 = Debug|Any CPU
		{A61F776C-2694-46C0-AAD6-543EED3450D6}.Release|Any CPU.ActiveCfg = Release|Any CPU
		{A61F776C-2694-46C0-AAD6-543EED3450D6}.Release|Any CPU.Build.0 = Release|Any CPU
		{C8DC548A-463E-46D4-A780-877A7D63106A}.Debug|Any CPU.ActiveCfg = Debug|Any CPU
		{C8DC548A-463E-46D4-A780-877A7D63106A}.Debug|Any CPU.Build.0 = Debug|Any CPU
		{C8DC548A-463E-46D4-A780-877A7D63106A}.Release|Any CPU.ActiveCfg = Release|Any CPU
		{C8DC548A-463E-46D4-A780-877A7D63106A}.Release|Any CPU.Build.0 = Release|Any CPU
		{3FE36EEA-7EB6-4DBD-B64A-9A0A77BB1994}.Debug|Any CPU.ActiveCfg = Debug|Any CPU
		{3FE36EEA-7EB6-4DBD-B64A-9A0A77BB1994}.Debug|Any CPU.Build.0 = Debug|Any CPU
		{3FE36EEA-7EB6-4DBD-B64A-9A0A77BB1994}.Release|Any CPU.ActiveCfg = Release|Any CPU
		{3FE36EEA-7EB6-4DBD-B64A-9A0A77BB1994}.Release|Any CPU.Build.0 = Release|Any CPU
		{7B0D6232-EBA6-4B63-946B-CC5DB2413C45}.Debug|Any CPU.ActiveCfg = Debug|Any CPU
		{7B0D6232-EBA6-4B63-946B-CC5DB2413C45}.Debug|Any CPU.Build.0 = Debug|Any CPU
		{7B0D6232-EBA6-4B63-946B-CC5DB2413C45}.Release|Any CPU.ActiveCfg = Release|Any CPU
		{7B0D6232-EBA6-4B63-946B-CC5DB2413C45}.Release|Any CPU.Build.0 = Release|Any CPU
		{A6B75FBC-CCE0-4644-8269-F15803F8FD15}.Debug|Any CPU.ActiveCfg = Debug|Any CPU
		{A6B75FBC-CCE0-4644-8269-F15803F8FD15}.Debug|Any CPU.Build.0 = Debug|Any CPU
		{A6B75FBC-CCE0-4644-8269-F15803F8FD15}.Release|Any CPU.ActiveCfg = Release|Any CPU
		{A6B75FBC-CCE0-4644-8269-F15803F8FD15}.Release|Any CPU.Build.0 = Release|Any CPU
		{2AE6ACFF-EB37-4303-ACC7-428A5D0CA08D}.Debug|Any CPU.ActiveCfg = Debug|Any CPU
		{2AE6ACFF-EB37-4303-ACC7-428A5D0CA08D}.Debug|Any CPU.Build.0 = Debug|Any CPU
		{2AE6ACFF-EB37-4303-ACC7-428A5D0CA08D}.Release|Any CPU.ActiveCfg = Release|Any CPU
		{2AE6ACFF-EB37-4303-ACC7-428A5D0CA08D}.Release|Any CPU.Build.0 = Release|Any CPU
		{88763236-142A-4315-A1A5-82B320FD0B53}.Debug|Any CPU.ActiveCfg = Debug|Any CPU
		{88763236-142A-4315-A1A5-82B320FD0B53}.Debug|Any CPU.Build.0 = Debug|Any CPU
		{88763236-142A-4315-A1A5-82B320FD0B53}.Release|Any CPU.ActiveCfg = Release|Any CPU
		{88763236-142A-4315-A1A5-82B320FD0B53}.Release|Any CPU.Build.0 = Release|Any CPU
		{AA6E7A80-CED8-4DB5-8F85-41785AC5EB0F}.Debug|Any CPU.ActiveCfg = Debug|Any CPU
		{AA6E7A80-CED8-4DB5-8F85-41785AC5EB0F}.Debug|Any CPU.Build.0 = Debug|Any CPU
		{AA6E7A80-CED8-4DB5-8F85-41785AC5EB0F}.Release|Any CPU.ActiveCfg = Release|Any CPU
		{AA6E7A80-CED8-4DB5-8F85-41785AC5EB0F}.Release|Any CPU.Build.0 = Release|Any CPU
	EndGlobalSection
EndGlobal
